// !$*UTF8*$!
{
	archiveVersion = 1;
	classes = {
	};
	objectVersion = 46;
	objects = {

/* Begin PBXBuildFile section */
		778E030F1AC256DE0087E27F /* AppDelegate.swift in Sources */ = {isa = PBXBuildFile; fileRef = 778E030E1AC256DE0087E27F /* AppDelegate.swift */; };
		778E03111AC256DE0087E27F /* ViewController.swift in Sources */ = {isa = PBXBuildFile; fileRef = 778E03101AC256DE0087E27F /* ViewController.swift */; };
		778E03161AC256DE0087E27F /* Images.xcassets in Resources */ = {isa = PBXBuildFile; fileRef = 778E03151AC256DE0087E27F /* Images.xcassets */; };
		778E03191AC256DE0087E27F /* LaunchScreen.xib in Resources */ = {isa = PBXBuildFile; fileRef = 778E03171AC256DE0087E27F /* LaunchScreen.xib */; };
		778E03251AC256DE0087E27F /* GifOClockTests.swift in Sources */ = {isa = PBXBuildFile; fileRef = 778E03241AC256DE0087E27F /* GifOClockTests.swift */; };
		CDA099661AC51F4B00A5580D /* Main.storyboard in Resources */ = {isa = PBXBuildFile; fileRef = CDA099651AC51F4B00A5580D /* Main.storyboard */; };
		CDA099711AC51FEE00A5580D /* GifOClockKit.h in Headers */ = {isa = PBXBuildFile; fileRef = CDA099701AC51FEE00A5580D /* GifOClockKit.h */; settings = {ATTRIBUTES = (Public, ); }; };
		CDA099771AC51FEE00A5580D /* GifOClockKit.framework in Frameworks */ = {isa = PBXBuildFile; fileRef = CDA0996C1AC51FEE00A5580D /* GifOClockKit.framework */; };
		CDA099801AC51FEE00A5580D /* GifOClockKitTests.swift in Sources */ = {isa = PBXBuildFile; fileRef = CDA0997F1AC51FEE00A5580D /* GifOClockKitTests.swift */; };
		CDA099831AC51FEE00A5580D /* GifOClockKit.framework in Frameworks */ = {isa = PBXBuildFile; fileRef = CDA0996C1AC51FEE00A5580D /* GifOClockKit.framework */; };
		CDA099841AC51FEE00A5580D /* GifOClockKit.framework in Embed Frameworks */ = {isa = PBXBuildFile; fileRef = CDA0996C1AC51FEE00A5580D /* GifOClockKit.framework */; settings = {ATTRIBUTES = (CodeSignOnCopy, RemoveHeadersOnCopy, ); }; };
		CDA0998F1AC5201F00A5580D /* Model.swift in Sources */ = {isa = PBXBuildFile; fileRef = CDA0998E1AC5201F00A5580D /* Model.swift */; };
		CDA099951AC5202600A5580D /* Mapper.swift in Sources */ = {isa = PBXBuildFile; fileRef = CDA099901AC5202600A5580D /* Mapper.swift */; };
		CDA099961AC5202600A5580D /* Operators.swift in Sources */ = {isa = PBXBuildFile; fileRef = CDA099911AC5202600A5580D /* Operators.swift */; };
		CDA099971AC5202600A5580D /* Parser.swift in Sources */ = {isa = PBXBuildFile; fileRef = CDA099921AC5202600A5580D /* Parser.swift */; };
		CDA099981AC5202600A5580D /* GifNetworking.swift in Sources */ = {isa = PBXBuildFile; fileRef = CDA099931AC5202600A5580D /* GifNetworking.swift */; };
		CDA099991AC5202600A5580D /* TinyNetworking.swift in Sources */ = {isa = PBXBuildFile; fileRef = CDA099941AC5202600A5580D /* TinyNetworking.swift */; };
/* End PBXBuildFile section */

/* Begin PBXContainerItemProxy section */
		778E031F1AC256DE0087E27F /* PBXContainerItemProxy */ = {
			isa = PBXContainerItemProxy;
			containerPortal = 778E03011AC256DE0087E27F /* Project object */;
			proxyType = 1;
			remoteGlobalIDString = 778E03081AC256DE0087E27F;
			remoteInfo = GifOClock;
		};
		CDA099781AC51FEE00A5580D /* PBXContainerItemProxy */ = {
			isa = PBXContainerItemProxy;
			containerPortal = 778E03011AC256DE0087E27F /* Project object */;
			proxyType = 1;
			remoteGlobalIDString = CDA0996B1AC51FEE00A5580D;
			remoteInfo = GifOClockKit;
		};
		CDA0997A1AC51FEE00A5580D /* PBXContainerItemProxy */ = {
			isa = PBXContainerItemProxy;
			containerPortal = 778E03011AC256DE0087E27F /* Project object */;
			proxyType = 1;
			remoteGlobalIDString = 778E03081AC256DE0087E27F;
			remoteInfo = GifOClock;
		};
		CDA099811AC51FEE00A5580D /* PBXContainerItemProxy */ = {
			isa = PBXContainerItemProxy;
			containerPortal = 778E03011AC256DE0087E27F /* Project object */;
			proxyType = 1;
			remoteGlobalIDString = CDA0996B1AC51FEE00A5580D;
			remoteInfo = GifOClockKit;
		};
/* End PBXContainerItemProxy section */

/* Begin PBXCopyFilesBuildPhase section */
		CDA099881AC51FEE00A5580D /* Embed Frameworks */ = {
			isa = PBXCopyFilesBuildPhase;
			buildActionMask = 2147483647;
			dstPath = "";
			dstSubfolderSpec = 10;
			files = (
				CDA099841AC51FEE00A5580D /* GifOClockKit.framework in Embed Frameworks */,
			);
			name = "Embed Frameworks";
			runOnlyForDeploymentPostprocessing = 0;
		};
/* End PBXCopyFilesBuildPhase section */

/* Begin PBXFileReference section */
		778E03091AC256DE0087E27F /* GifOClock.app */ = {isa = PBXFileReference; explicitFileType = wrapper.application; includeInIndex = 0; path = GifOClock.app; sourceTree = BUILT_PRODUCTS_DIR; };
		778E030D1AC256DE0087E27F /* Info.plist */ = {isa = PBXFileReference; lastKnownFileType = text.plist.xml; path = Info.plist; sourceTree = "<group>"; };
		778E030E1AC256DE0087E27F /* AppDelegate.swift */ = {isa = PBXFileReference; lastKnownFileType = sourcecode.swift; path = AppDelegate.swift; sourceTree = "<group>"; };
		778E03101AC256DE0087E27F /* ViewController.swift */ = {isa = PBXFileReference; lastKnownFileType = sourcecode.swift; path = ViewController.swift; sourceTree = "<group>"; };
		778E03151AC256DE0087E27F /* Images.xcassets */ = {isa = PBXFileReference; lastKnownFileType = folder.assetcatalog; path = Images.xcassets; sourceTree = "<group>"; };
		778E03181AC256DE0087E27F /* Base */ = {isa = PBXFileReference; lastKnownFileType = file.xib; name = Base; path = Base.lproj/LaunchScreen.xib; sourceTree = "<group>"; };
		778E031E1AC256DE0087E27F /* GifOClockTests.xctest */ = {isa = PBXFileReference; explicitFileType = wrapper.cfbundle; includeInIndex = 0; path = GifOClockTests.xctest; sourceTree = BUILT_PRODUCTS_DIR; };
		778E03231AC256DE0087E27F /* Info.plist */ = {isa = PBXFileReference; lastKnownFileType = text.plist.xml; path = Info.plist; sourceTree = "<group>"; };
		778E03241AC256DE0087E27F /* GifOClockTests.swift */ = {isa = PBXFileReference; lastKnownFileType = sourcecode.swift; path = GifOClockTests.swift; sourceTree = "<group>"; };
		CDA099651AC51F4B00A5580D /* Main.storyboard */ = {isa = PBXFileReference; fileEncoding = 4; lastKnownFileType = file.storyboard; path = Main.storyboard; sourceTree = "<group>"; };
		CDA0996C1AC51FEE00A5580D /* GifOClockKit.framework */ = {isa = PBXFileReference; explicitFileType = wrapper.framework; includeInIndex = 0; path = GifOClockKit.framework; sourceTree = BUILT_PRODUCTS_DIR; };
		CDA0996F1AC51FEE00A5580D /* Info.plist */ = {isa = PBXFileReference; lastKnownFileType = text.plist.xml; path = Info.plist; sourceTree = "<group>"; };
		CDA099701AC51FEE00A5580D /* GifOClockKit.h */ = {isa = PBXFileReference; lastKnownFileType = sourcecode.c.h; path = GifOClockKit.h; sourceTree = "<group>"; };
		CDA099761AC51FEE00A5580D /* GifOClockKitTests.xctest */ = {isa = PBXFileReference; explicitFileType = wrapper.cfbundle; includeInIndex = 0; path = GifOClockKitTests.xctest; sourceTree = BUILT_PRODUCTS_DIR; };
		CDA0997E1AC51FEE00A5580D /* Info.plist */ = {isa = PBXFileReference; lastKnownFileType = text.plist.xml; path = Info.plist; sourceTree = "<group>"; };
		CDA0997F1AC51FEE00A5580D /* GifOClockKitTests.swift */ = {isa = PBXFileReference; lastKnownFileType = sourcecode.swift; path = GifOClockKitTests.swift; sourceTree = "<group>"; };
		CDA0998E1AC5201F00A5580D /* Model.swift */ = {isa = PBXFileReference; fileEncoding = 4; lastKnownFileType = sourcecode.swift; path = Model.swift; sourceTree = "<group>"; };
		CDA099901AC5202600A5580D /* Mapper.swift */ = {isa = PBXFileReference; fileEncoding = 4; lastKnownFileType = sourcecode.swift; path = Mapper.swift; sourceTree = "<group>"; };
		CDA099911AC5202600A5580D /* Operators.swift */ = {isa = PBXFileReference; fileEncoding = 4; lastKnownFileType = sourcecode.swift; path = Operators.swift; sourceTree = "<group>"; };
		CDA099921AC5202600A5580D /* Parser.swift */ = {isa = PBXFileReference; fileEncoding = 4; lastKnownFileType = sourcecode.swift; path = Parser.swift; sourceTree = "<group>"; };
		CDA099931AC5202600A5580D /* GifNetworking.swift */ = {isa = PBXFileReference; fileEncoding = 4; lastKnownFileType = sourcecode.swift; path = GifNetworking.swift; sourceTree = "<group>"; };
		CDA099941AC5202600A5580D /* TinyNetworking.swift */ = {isa = PBXFileReference; fileEncoding = 4; lastKnownFileType = sourcecode.swift; path = TinyNetworking.swift; sourceTree = "<group>"; };
/* End PBXFileReference section */

/* Begin PBXFrameworksBuildPhase section */
		778E03061AC256DE0087E27F /* Frameworks */ = {
			isa = PBXFrameworksBuildPhase;
			buildActionMask = 2147483647;
			files = (
				CDA099831AC51FEE00A5580D /* GifOClockKit.framework in Frameworks */,
			);
			runOnlyForDeploymentPostprocessing = 0;
		};
		778E031B1AC256DE0087E27F /* Frameworks */ = {
			isa = PBXFrameworksBuildPhase;
			buildActionMask = 2147483647;
			files = (
			);
			runOnlyForDeploymentPostprocessing = 0;
		};
		CDA099681AC51FEE00A5580D /* Frameworks */ = {
			isa = PBXFrameworksBuildPhase;
			buildActionMask = 2147483647;
			files = (
			);
			runOnlyForDeploymentPostprocessing = 0;
		};
		CDA099731AC51FEE00A5580D /* Frameworks */ = {
			isa = PBXFrameworksBuildPhase;
			buildActionMask = 2147483647;
			files = (
				CDA099771AC51FEE00A5580D /* GifOClockKit.framework in Frameworks */,
			);
			runOnlyForDeploymentPostprocessing = 0;
		};
/* End PBXFrameworksBuildPhase section */

/* Begin PBXGroup section */
		778E03001AC256DE0087E27F = {
			isa = PBXGroup;
			children = (
				778E030B1AC256DE0087E27F /* GifOClock */,
				778E03211AC256DE0087E27F /* GifOClockTests */,
				CDA0996D1AC51FEE00A5580D /* GifOClockKit */,
				CDA0997C1AC51FEE00A5580D /* GifOClockKitTests */,
				778E030A1AC256DE0087E27F /* Products */,
			);
			sourceTree = "<group>";
		};
		778E030A1AC256DE0087E27F /* Products */ = {
			isa = PBXGroup;
			children = (
				778E03091AC256DE0087E27F /* GifOClock.app */,
				778E031E1AC256DE0087E27F /* GifOClockTests.xctest */,
				CDA0996C1AC51FEE00A5580D /* GifOClockKit.framework */,
				CDA099761AC51FEE00A5580D /* GifOClockKitTests.xctest */,
			);
			name = Products;
			sourceTree = "<group>";
		};
		778E030B1AC256DE0087E27F /* GifOClock */ = {
			isa = PBXGroup;
			children = (
				778E030E1AC256DE0087E27F /* AppDelegate.swift */,
				778E03101AC256DE0087E27F /* ViewController.swift */,
				CDA099651AC51F4B00A5580D /* Main.storyboard */,
				778E03151AC256DE0087E27F /* Images.xcassets */,
				778E03171AC256DE0087E27F /* LaunchScreen.xib */,
				778E030C1AC256DE0087E27F /* Supporting Files */,
			);
			path = GifOClock;
			sourceTree = "<group>";
		};
		778E030C1AC256DE0087E27F /* Supporting Files */ = {
			isa = PBXGroup;
			children = (
				778E030D1AC256DE0087E27F /* Info.plist */,
			);
			name = "Supporting Files";
			sourceTree = "<group>";
		};
		778E03211AC256DE0087E27F /* GifOClockTests */ = {
			isa = PBXGroup;
			children = (
				778E03241AC256DE0087E27F /* GifOClockTests.swift */,
				778E03221AC256DE0087E27F /* Supporting Files */,
			);
			path = GifOClockTests;
			sourceTree = "<group>";
		};
		778E03221AC256DE0087E27F /* Supporting Files */ = {
			isa = PBXGroup;
			children = (
				778E03231AC256DE0087E27F /* Info.plist */,
			);
			name = "Supporting Files";
			sourceTree = "<group>";
		};
		CDA0996D1AC51FEE00A5580D /* GifOClockKit */ = {
			isa = PBXGroup;
			children = (
				CDA0998C1AC5200900A5580D /* Model */,
				CDA0998D1AC5200C00A5580D /* Networking */,
				CDA099701AC51FEE00A5580D /* GifOClockKit.h */,
				CDA0996E1AC51FEE00A5580D /* Supporting Files */,
			);
			path = GifOClockKit;
			sourceTree = "<group>";
		};
		CDA0996E1AC51FEE00A5580D /* Supporting Files */ = {
			isa = PBXGroup;
			children = (
				CDA0996F1AC51FEE00A5580D /* Info.plist */,
			);
			name = "Supporting Files";
			sourceTree = "<group>";
		};
		CDA0997C1AC51FEE00A5580D /* GifOClockKitTests */ = {
			isa = PBXGroup;
			children = (
				CDA0997F1AC51FEE00A5580D /* GifOClockKitTests.swift */,
				CDA0997D1AC51FEE00A5580D /* Supporting Files */,
			);
			path = GifOClockKitTests;
			sourceTree = "<group>";
		};
		CDA0997D1AC51FEE00A5580D /* Supporting Files */ = {
			isa = PBXGroup;
			children = (
				CDA0997E1AC51FEE00A5580D /* Info.plist */,
			);
			name = "Supporting Files";
			sourceTree = "<group>";
		};
		CDA0998C1AC5200900A5580D /* Model */ = {
			isa = PBXGroup;
			children = (
				CDA0998E1AC5201F00A5580D /* Model.swift */,
			);
			name = Model;
			sourceTree = "<group>";
		};
		CDA0998D1AC5200C00A5580D /* Networking */ = {
			isa = PBXGroup;
			children = (
				CDA099901AC5202600A5580D /* Mapper.swift */,
				CDA099911AC5202600A5580D /* Operators.swift */,
				CDA099921AC5202600A5580D /* Parser.swift */,
				CDA099931AC5202600A5580D /* GifNetworking.swift */,
				CDA099941AC5202600A5580D /* TinyNetworking.swift */,
			);
			name = Networking;
			sourceTree = "<group>";
		};
/* End PBXGroup section */

/* Begin PBXHeadersBuildPhase section */
		CDA099691AC51FEE00A5580D /* Headers */ = {
			isa = PBXHeadersBuildPhase;
			buildActionMask = 2147483647;
			files = (
				CDA099711AC51FEE00A5580D /* GifOClockKit.h in Headers */,
			);
			runOnlyForDeploymentPostprocessing = 0;
		};
/* End PBXHeadersBuildPhase section */

/* Begin PBXNativeTarget section */
		778E03081AC256DE0087E27F /* GifOClock */ = {
			isa = PBXNativeTarget;
			buildConfigurationList = 778E03281AC256DE0087E27F /* Build configuration list for PBXNativeTarget "GifOClock" */;
			buildPhases = (
				778E03051AC256DE0087E27F /* Sources */,
				778E03061AC256DE0087E27F /* Frameworks */,
				778E03071AC256DE0087E27F /* Resources */,
				CDA099881AC51FEE00A5580D /* Embed Frameworks */,
			);
			buildRules = (
			);
			dependencies = (
				CDA099821AC51FEE00A5580D /* PBXTargetDependency */,
			);
			name = GifOClock;
			productName = GifOClock;
			productReference = 778E03091AC256DE0087E27F /* GifOClock.app */;
			productType = "com.apple.product-type.application";
		};
		778E031D1AC256DE0087E27F /* GifOClockTests */ = {
			isa = PBXNativeTarget;
			buildConfigurationList = 778E032B1AC256DE0087E27F /* Build configuration list for PBXNativeTarget "GifOClockTests" */;
			buildPhases = (
				778E031A1AC256DE0087E27F /* Sources */,
				778E031B1AC256DE0087E27F /* Frameworks */,
				778E031C1AC256DE0087E27F /* Resources */,
			);
			buildRules = (
			);
			dependencies = (
				778E03201AC256DE0087E27F /* PBXTargetDependency */,
			);
			name = GifOClockTests;
			productName = GifOClockTests;
			productReference = 778E031E1AC256DE0087E27F /* GifOClockTests.xctest */;
			productType = "com.apple.product-type.bundle.unit-test";
		};
		CDA0996B1AC51FEE00A5580D /* GifOClockKit */ = {
			isa = PBXNativeTarget;
			buildConfigurationList = CDA099851AC51FEE00A5580D /* Build configuration list for PBXNativeTarget "GifOClockKit" */;
			buildPhases = (
				CDA099671AC51FEE00A5580D /* Sources */,
				CDA099681AC51FEE00A5580D /* Frameworks */,
				CDA099691AC51FEE00A5580D /* Headers */,
				CDA0996A1AC51FEE00A5580D /* Resources */,
			);
			buildRules = (
			);
			dependencies = (
			);
			name = GifOClockKit;
			productName = GifOClockKit;
			productReference = CDA0996C1AC51FEE00A5580D /* GifOClockKit.framework */;
			productType = "com.apple.product-type.framework";
		};
		CDA099751AC51FEE00A5580D /* GifOClockKitTests */ = {
			isa = PBXNativeTarget;
			buildConfigurationList = CDA099891AC51FEE00A5580D /* Build configuration list for PBXNativeTarget "GifOClockKitTests" */;
			buildPhases = (
				CDA099721AC51FEE00A5580D /* Sources */,
				CDA099731AC51FEE00A5580D /* Frameworks */,
				CDA099741AC51FEE00A5580D /* Resources */,
			);
			buildRules = (
			);
			dependencies = (
				CDA099791AC51FEE00A5580D /* PBXTargetDependency */,
				CDA0997B1AC51FEE00A5580D /* PBXTargetDependency */,
			);
			name = GifOClockKitTests;
			productName = GifOClockKitTests;
			productReference = CDA099761AC51FEE00A5580D /* GifOClockKitTests.xctest */;
			productType = "com.apple.product-type.bundle.unit-test";
		};
/* End PBXNativeTarget section */

/* Begin PBXProject section */
		778E03011AC256DE0087E27F /* Project object */ = {
			isa = PBXProject;
			attributes = {
				LastUpgradeCheck = 0630;
				ORGANIZATIONNAME = "Themis Solutions Inc.";
				TargetAttributes = {
					778E03081AC256DE0087E27F = {
						CreatedOnToolsVersion = 6.3;
					};
					778E031D1AC256DE0087E27F = {
						CreatedOnToolsVersion = 6.3;
						TestTargetID = 778E03081AC256DE0087E27F;
					};
					CDA0996B1AC51FEE00A5580D = {
						CreatedOnToolsVersion = 6.3;
					};
					CDA099751AC51FEE00A5580D = {
						CreatedOnToolsVersion = 6.3;
						TestTargetID = 778E03081AC256DE0087E27F;
					};
				};
			};
			buildConfigurationList = 778E03041AC256DE0087E27F /* Build configuration list for PBXProject "GifOClock" */;
			compatibilityVersion = "Xcode 3.2";
			developmentRegion = English;
			hasScannedForEncodings = 0;
			knownRegions = (
				en,
				Base,
			);
			mainGroup = 778E03001AC256DE0087E27F;
			productRefGroup = 778E030A1AC256DE0087E27F /* Products */;
			projectDirPath = "";
			projectRoot = "";
			targets = (
				778E03081AC256DE0087E27F /* GifOClock */,
				778E031D1AC256DE0087E27F /* GifOClockTests */,
				CDA0996B1AC51FEE00A5580D /* GifOClockKit */,
				CDA099751AC51FEE00A5580D /* GifOClockKitTests */,
			);
		};
/* End PBXProject section */

/* Begin PBXResourcesBuildPhase section */
		778E03071AC256DE0087E27F /* Resources */ = {
			isa = PBXResourcesBuildPhase;
			buildActionMask = 2147483647;
			files = (
				CDA099661AC51F4B00A5580D /* Main.storyboard in Resources */,
				778E03191AC256DE0087E27F /* LaunchScreen.xib in Resources */,
				778E03161AC256DE0087E27F /* Images.xcassets in Resources */,
			);
			runOnlyForDeploymentPostprocessing = 0;
		};
		778E031C1AC256DE0087E27F /* Resources */ = {
			isa = PBXResourcesBuildPhase;
			buildActionMask = 2147483647;
			files = (
			);
			runOnlyForDeploymentPostprocessing = 0;
		};
		CDA0996A1AC51FEE00A5580D /* Resources */ = {
			isa = PBXResourcesBuildPhase;
			buildActionMask = 2147483647;
			files = (
			);
			runOnlyForDeploymentPostprocessing = 0;
		};
		CDA099741AC51FEE00A5580D /* Resources */ = {
			isa = PBXResourcesBuildPhase;
			buildActionMask = 2147483647;
			files = (
			);
			runOnlyForDeploymentPostprocessing = 0;
		};
/* End PBXResourcesBuildPhase section */

/* Begin PBXSourcesBuildPhase section */
		778E03051AC256DE0087E27F /* Sources */ = {
			isa = PBXSourcesBuildPhase;
			buildActionMask = 2147483647;
			files = (
				778E03111AC256DE0087E27F /* ViewController.swift in Sources */,
				778E030F1AC256DE0087E27F /* AppDelegate.swift in Sources */,
			);
			runOnlyForDeploymentPostprocessing = 0;
		};
		778E031A1AC256DE0087E27F /* Sources */ = {
			isa = PBXSourcesBuildPhase;
			buildActionMask = 2147483647;
			files = (
				778E03251AC256DE0087E27F /* GifOClockTests.swift in Sources */,
			);
			runOnlyForDeploymentPostprocessing = 0;
		};
		CDA099671AC51FEE00A5580D /* Sources */ = {
			isa = PBXSourcesBuildPhase;
			buildActionMask = 2147483647;
			files = (
				CDA099971AC5202600A5580D /* Parser.swift in Sources */,
				CDA099951AC5202600A5580D /* Mapper.swift in Sources */,
				CDA0998F1AC5201F00A5580D /* Model.swift in Sources */,
				CDA099991AC5202600A5580D /* TinyNetworking.swift in Sources */,
				CDA099981AC5202600A5580D /* GifNetworking.swift in Sources */,
				CDA099961AC5202600A5580D /* Operators.swift in Sources */,
			);
			runOnlyForDeploymentPostprocessing = 0;
		};
		CDA099721AC51FEE00A5580D /* Sources */ = {
			isa = PBXSourcesBuildPhase;
			buildActionMask = 2147483647;
			files = (
				CDA099801AC51FEE00A5580D /* GifOClockKitTests.swift in Sources */,
			);
			runOnlyForDeploymentPostprocessing = 0;
		};
/* End PBXSourcesBuildPhase section */

/* Begin PBXTargetDependency section */
		778E03201AC256DE0087E27F /* PBXTargetDependency */ = {
			isa = PBXTargetDependency;
			target = 778E03081AC256DE0087E27F /* GifOClock */;
			targetProxy = 778E031F1AC256DE0087E27F /* PBXContainerItemProxy */;
		};
		CDA099791AC51FEE00A5580D /* PBXTargetDependency */ = {
			isa = PBXTargetDependency;
			target = CDA0996B1AC51FEE00A5580D /* GifOClockKit */;
			targetProxy = CDA099781AC51FEE00A5580D /* PBXContainerItemProxy */;
		};
		CDA0997B1AC51FEE00A5580D /* PBXTargetDependency */ = {
			isa = PBXTargetDependency;
			target = 778E03081AC256DE0087E27F /* GifOClock */;
			targetProxy = CDA0997A1AC51FEE00A5580D /* PBXContainerItemProxy */;
		};
		CDA099821AC51FEE00A5580D /* PBXTargetDependency */ = {
			isa = PBXTargetDependency;
			target = CDA0996B1AC51FEE00A5580D /* GifOClockKit */;
			targetProxy = CDA099811AC51FEE00A5580D /* PBXContainerItemProxy */;
		};
/* End PBXTargetDependency section */

/* Begin PBXVariantGroup section */
		778E03171AC256DE0087E27F /* LaunchScreen.xib */ = {
			isa = PBXVariantGroup;
			children = (
				778E03181AC256DE0087E27F /* Base */,
			);
			name = LaunchScreen.xib;
			sourceTree = "<group>";
		};
/* End PBXVariantGroup section */

/* Begin XCBuildConfiguration section */
		778E03261AC256DE0087E27F /* Debug */ = {
			isa = XCBuildConfiguration;
			buildSettings = {
				ALWAYS_SEARCH_USER_PATHS = NO;
				CLANG_CXX_LANGUAGE_STANDARD = "gnu++0x";
				CLANG_CXX_LIBRARY = "libc++";
				CLANG_ENABLE_MODULES = YES;
				CLANG_ENABLE_OBJC_ARC = YES;
				CLANG_WARN_BOOL_CONVERSION = YES;
				CLANG_WARN_CONSTANT_CONVERSION = YES;
				CLANG_WARN_DIRECT_OBJC_ISA_USAGE = YES_ERROR;
				CLANG_WARN_EMPTY_BODY = YES;
				CLANG_WARN_ENUM_CONVERSION = YES;
				CLANG_WARN_INT_CONVERSION = YES;
				CLANG_WARN_OBJC_ROOT_CLASS = YES_ERROR;
				CLANG_WARN_UNREACHABLE_CODE = YES;
				CLANG_WARN__DUPLICATE_METHOD_MATCH = YES;
				"CODE_SIGN_IDENTITY[sdk=iphoneos*]" = "iPhone Developer";
				COPY_PHASE_STRIP = NO;
				DEBUG_INFORMATION_FORMAT = "dwarf-with-dsym";
				ENABLE_STRICT_OBJC_MSGSEND = YES;
				GCC_C_LANGUAGE_STANDARD = gnu99;
				GCC_DYNAMIC_NO_PIC = NO;
				GCC_NO_COMMON_BLOCKS = YES;
				GCC_OPTIMIZATION_LEVEL = 0;
				GCC_PREPROCESSOR_DEFINITIONS = (
					"DEBUG=1",
					"$(inherited)",
				);
				GCC_SYMBOLS_PRIVATE_EXTERN = NO;
				GCC_WARN_64_TO_32_BIT_CONVERSION = YES;
				GCC_WARN_ABOUT_RETURN_TYPE = YES_ERROR;
				GCC_WARN_UNDECLARED_SELECTOR = YES;
				GCC_WARN_UNINITIALIZED_AUTOS = YES_AGGRESSIVE;
				GCC_WARN_UNUSED_FUNCTION = YES;
				GCC_WARN_UNUSED_VARIABLE = YES;
				IPHONEOS_DEPLOYMENT_TARGET = 8.3;
				MTL_ENABLE_DEBUG_INFO = YES;
				ONLY_ACTIVE_ARCH = YES;
				SDKROOT = iphoneos;
				SWIFT_OPTIMIZATION_LEVEL = "-Onone";
			};
			name = Debug;
		};
		778E03271AC256DE0087E27F /* Release */ = {
			isa = XCBuildConfiguration;
			buildSettings = {
				ALWAYS_SEARCH_USER_PATHS = NO;
				CLANG_CXX_LANGUAGE_STANDARD = "gnu++0x";
				CLANG_CXX_LIBRARY = "libc++";
				CLANG_ENABLE_MODULES = YES;
				CLANG_ENABLE_OBJC_ARC = YES;
				CLANG_WARN_BOOL_CONVERSION = YES;
				CLANG_WARN_CONSTANT_CONVERSION = YES;
				CLANG_WARN_DIRECT_OBJC_ISA_USAGE = YES_ERROR;
				CLANG_WARN_EMPTY_BODY = YES;
				CLANG_WARN_ENUM_CONVERSION = YES;
				CLANG_WARN_INT_CONVERSION = YES;
				CLANG_WARN_OBJC_ROOT_CLASS = YES_ERROR;
				CLANG_WARN_UNREACHABLE_CODE = YES;
				CLANG_WARN__DUPLICATE_METHOD_MATCH = YES;
				"CODE_SIGN_IDENTITY[sdk=iphoneos*]" = "iPhone Developer";
				COPY_PHASE_STRIP = NO;
				DEBUG_INFORMATION_FORMAT = "dwarf-with-dsym";
				ENABLE_NS_ASSERTIONS = NO;
				ENABLE_STRICT_OBJC_MSGSEND = YES;
				GCC_C_LANGUAGE_STANDARD = gnu99;
				GCC_NO_COMMON_BLOCKS = YES;
				GCC_WARN_64_TO_32_BIT_CONVERSION = YES;
				GCC_WARN_ABOUT_RETURN_TYPE = YES_ERROR;
				GCC_WARN_UNDECLARED_SELECTOR = YES;
				GCC_WARN_UNINITIALIZED_AUTOS = YES_AGGRESSIVE;
				GCC_WARN_UNUSED_FUNCTION = YES;
				GCC_WARN_UNUSED_VARIABLE = YES;
				IPHONEOS_DEPLOYMENT_TARGET = 8.3;
				MTL_ENABLE_DEBUG_INFO = NO;
				SDKROOT = iphoneos;
				VALIDATE_PRODUCT = YES;
			};
			name = Release;
		};
		778E03291AC256DE0087E27F /* Debug */ = {
			isa = XCBuildConfiguration;
			buildSettings = {
				ASSETCATALOG_COMPILER_APPICON_NAME = AppIcon;
				INFOPLIST_FILE = GifOClock/Info.plist;
				LD_RUNPATH_SEARCH_PATHS = "$(inherited) @executable_path/Frameworks";
				PRODUCT_NAME = "$(TARGET_NAME)";
			};
			name = Debug;
		};
		778E032A1AC256DE0087E27F /* Release */ = {
			isa = XCBuildConfiguration;
			buildSettings = {
				ASSETCATALOG_COMPILER_APPICON_NAME = AppIcon;
				INFOPLIST_FILE = GifOClock/Info.plist;
				LD_RUNPATH_SEARCH_PATHS = "$(inherited) @executable_path/Frameworks";
				PRODUCT_NAME = "$(TARGET_NAME)";
			};
			name = Release;
		};
		778E032C1AC256DE0087E27F /* Debug */ = {
			isa = XCBuildConfiguration;
			buildSettings = {
				BUNDLE_LOADER = "$(TEST_HOST)";
				FRAMEWORK_SEARCH_PATHS = (
					"$(SDKROOT)/Developer/Library/Frameworks",
					"$(inherited)",
				);
				GCC_PREPROCESSOR_DEFINITIONS = (
					"DEBUG=1",
					"$(inherited)",
				);
				INFOPLIST_FILE = GifOClockTests/Info.plist;
				LD_RUNPATH_SEARCH_PATHS = "$(inherited) @executable_path/Frameworks @loader_path/Frameworks";
				PRODUCT_NAME = "$(TARGET_NAME)";
				TEST_HOST = "$(BUILT_PRODUCTS_DIR)/GifOClock.app/GifOClock";
			};
			name = Debug;
		};
		778E032D1AC256DE0087E27F /* Release */ = {
			isa = XCBuildConfiguration;
			buildSettings = {
				BUNDLE_LOADER = "$(TEST_HOST)";
				FRAMEWORK_SEARCH_PATHS = (
					"$(SDKROOT)/Developer/Library/Frameworks",
					"$(inherited)",
				);
				INFOPLIST_FILE = GifOClockTests/Info.plist;
				LD_RUNPATH_SEARCH_PATHS = "$(inherited) @executable_path/Frameworks @loader_path/Frameworks";
				PRODUCT_NAME = "$(TARGET_NAME)";
				TEST_HOST = "$(BUILT_PRODUCTS_DIR)/GifOClock.app/GifOClock";
			};
			name = Release;
		};
		CDA099861AC51FEE00A5580D /* Debug */ = {
			isa = XCBuildConfiguration;
			buildSettings = {
				CLANG_ENABLE_MODULES = YES;
				CURRENT_PROJECT_VERSION = 1;
				DEFINES_MODULE = YES;
				DYLIB_COMPATIBILITY_VERSION = 1;
				DYLIB_CURRENT_VERSION = 1;
				DYLIB_INSTALL_NAME_BASE = "@rpath";
				GCC_PREPROCESSOR_DEFINITIONS = (
					"DEBUG=1",
					"$(inherited)",
				);
				INFOPLIST_FILE = GifOClockKit/Info.plist;
				INSTALL_PATH = "$(LOCAL_LIBRARY_DIR)/Frameworks";
				LD_RUNPATH_SEARCH_PATHS = "$(inherited) @executable_path/Frameworks @loader_path/Frameworks";
				PRODUCT_NAME = "$(TARGET_NAME)";
				SKIP_INSTALL = YES;
				SWIFT_OPTIMIZATION_LEVEL = "-Onone";
				TARGETED_DEVICE_FAMILY = "1,2";
				VERSIONING_SYSTEM = "apple-generic";
				VERSION_INFO_PREFIX = "";
			};
			name = Debug;
		};
		CDA099871AC51FEE00A5580D /* Release */ = {
			isa = XCBuildConfiguration;
			buildSettings = {
				CLANG_ENABLE_MODULES = YES;
				CURRENT_PROJECT_VERSION = 1;
				DEFINES_MODULE = YES;
				DYLIB_COMPATIBILITY_VERSION = 1;
				DYLIB_CURRENT_VERSION = 1;
				DYLIB_INSTALL_NAME_BASE = "@rpath";
				INFOPLIST_FILE = GifOClockKit/Info.plist;
				INSTALL_PATH = "$(LOCAL_LIBRARY_DIR)/Frameworks";
				LD_RUNPATH_SEARCH_PATHS = "$(inherited) @executable_path/Frameworks @loader_path/Frameworks";
				PRODUCT_NAME = "$(TARGET_NAME)";
				SKIP_INSTALL = YES;
				TARGETED_DEVICE_FAMILY = "1,2";
				VERSIONING_SYSTEM = "apple-generic";
				VERSION_INFO_PREFIX = "";
			};
			name = Release;
		};
		CDA0998A1AC51FEE00A5580D /* Debug */ = {
			isa = XCBuildConfiguration;
			buildSettings = {
				FRAMEWORK_SEARCH_PATHS = (
					"$(SDKROOT)/Developer/Library/Frameworks",
					"$(inherited)",
				);
				GCC_PREPROCESSOR_DEFINITIONS = (
					"DEBUG=1",
					"$(inherited)",
				);
				INFOPLIST_FILE = GifOClockKitTests/Info.plist;
				LD_RUNPATH_SEARCH_PATHS = "$(inherited) @executable_path/Frameworks @loader_path/Frameworks";
				PRODUCT_NAME = "$(TARGET_NAME)";
				TEST_HOST = "$(BUILT_PRODUCTS_DIR)/GifOClock.app/GifOClock";
			};
			name = Debug;
		};
		CDA0998B1AC51FEE00A5580D /* Release */ = {
			isa = XCBuildConfiguration;
			buildSettings = {
				FRAMEWORK_SEARCH_PATHS = (
					"$(SDKROOT)/Developer/Library/Frameworks",
					"$(inherited)",
				);
				INFOPLIST_FILE = GifOClockKitTests/Info.plist;
				LD_RUNPATH_SEARCH_PATHS = "$(inherited) @executable_path/Frameworks @loader_path/Frameworks";
				PRODUCT_NAME = "$(TARGET_NAME)";
				TEST_HOST = "$(BUILT_PRODUCTS_DIR)/GifOClock.app/GifOClock";
			};
			name = Release;
		};
/* End XCBuildConfiguration section */

/* Begin XCConfigurationList section */
		778E03041AC256DE0087E27F /* Build configuration list for PBXProject "GifOClock" */ = {
			isa = XCConfigurationList;
			buildConfigurations = (
				778E03261AC256DE0087E27F /* Debug */,
				778E03271AC256DE0087E27F /* Release */,
			);
			defaultConfigurationIsVisible = 0;
			defaultConfigurationName = Release;
		};
		778E03281AC256DE0087E27F /* Build configuration list for PBXNativeTarget "GifOClock" */ = {
			isa = XCConfigurationList;
			buildConfigurations = (
				778E03291AC256DE0087E27F /* Debug */,
				778E032A1AC256DE0087E27F /* Release */,
			);
			defaultConfigurationIsVisible = 0;
			defaultConfigurationName = Release;
		};
		778E032B1AC256DE0087E27F /* Build configuration list for PBXNativeTarget "GifOClockTests" */ = {
			isa = XCConfigurationList;
			buildConfigurations = (
				778E032C1AC256DE0087E27F /* Debug */,
				778E032D1AC256DE0087E27F /* Release */,
			);
			defaultConfigurationIsVisible = 0;
			defaultConfigurationName = Release;
		};
		CDA099851AC51FEE00A5580D /* Build configuration list for PBXNativeTarget "GifOClockKit" */ = {
			isa = XCConfigurationList;
			buildConfigurations = (
				CDA099861AC51FEE00A5580D /* Debug */,
				CDA099871AC51FEE00A5580D /* Release */,
			);
			defaultConfigurationIsVisible = 0;
		};
		CDA099891AC51FEE00A5580D /* Build configuration list for PBXNativeTarget "GifOClockKitTests" */ = {
			isa = XCConfigurationList;
			buildConfigurations = (
				CDA0998A1AC51FEE00A5580D /* Debug */,
				CDA0998B1AC51FEE00A5580D /* Release */,
			);
			defaultConfigurationIsVisible = 0;
		};
/* End XCConfigurationList section */
	};
	rootObject = 778E03011AC256DE0087E27F /* Project object */;
}
